// !$*UTF8*$!
{
	archiveVersion = 1;
	classes = {
	};
	objectVersion = 52;
	objects = {

/* Begin PBXBuildFile section */
		5399853B26780E2700DFDBAD /* HealiosApp.swift in Sources */ = {isa = PBXBuildFile; fileRef = 5399853A26780E2700DFDBAD /* HealiosApp.swift */; };
		5399853F26780E2900DFDBAD /* Assets.xcassets in Resources */ = {isa = PBXBuildFile; fileRef = 5399853E26780E2900DFDBAD /* Assets.xcassets */; };
		5399854226780E2900DFDBAD /* Preview Assets.xcassets in Resources */ = {isa = PBXBuildFile; fileRef = 5399854126780E2900DFDBAD /* Preview Assets.xcassets */; };
		5399854426780E2900DFDBAD /* Persistence.swift in Sources */ = {isa = PBXBuildFile; fileRef = 5399854326780E2900DFDBAD /* Persistence.swift */; };
		5399854726780E2900DFDBAD /* Healios.xcdatamodeld in Sources */ = {isa = PBXBuildFile; fileRef = 5399854526780E2900DFDBAD /* Healios.xcdatamodeld */; };
		5399855226780E2A00DFDBAD /* HealiosTests.swift in Sources */ = {isa = PBXBuildFile; fileRef = 5399855126780E2A00DFDBAD /* HealiosTests.swift */; };
		5399855D26780E2A00DFDBAD /* HealiosUITests.swift in Sources */ = {isa = PBXBuildFile; fileRef = 5399855C26780E2A00DFDBAD /* HealiosUITests.swift */; };
		5399858226780FEF00DFDBAD /* Config.swift in Sources */ = {isa = PBXBuildFile; fileRef = 5399858026780FEF00DFDBAD /* Config.swift */; };
		5399858326780FEF00DFDBAD /* Endpoints.swift in Sources */ = {isa = PBXBuildFile; fileRef = 5399858126780FEF00DFDBAD /* Endpoints.swift */; };
		5399858B2678100600DFDBAD /* Network.swift in Sources */ = {isa = PBXBuildFile; fileRef = 539985872678100600DFDBAD /* Network.swift */; };
		5399858C2678100600DFDBAD /* UserService.swift in Sources */ = {isa = PBXBuildFile; fileRef = 539985882678100600DFDBAD /* UserService.swift */; };
		5399858D2678100600DFDBAD /* CommentService.swift in Sources */ = {isa = PBXBuildFile; fileRef = 539985892678100600DFDBAD /* CommentService.swift */; };
		5399858E2678100600DFDBAD /* PostService.swift in Sources */ = {isa = PBXBuildFile; fileRef = 5399858A2678100600DFDBAD /* PostService.swift */; };
		539985932678109300DFDBAD /* Post.swift in Sources */ = {isa = PBXBuildFile; fileRef = 539985922678109300DFDBAD /* Post.swift */; };
		539985982678109B00DFDBAD /* PostViewModel.swift in Sources */ = {isa = PBXBuildFile; fileRef = 539985972678109B00DFDBAD /* PostViewModel.swift */; };
		5399859E267810A400DFDBAD /* PostDetailView.swift in Sources */ = {isa = PBXBuildFile; fileRef = 5399859C267810A400DFDBAD /* PostDetailView.swift */; };
		5399859F267810A400DFDBAD /* PostsListView.swift in Sources */ = {isa = PBXBuildFile; fileRef = 5399859D267810A400DFDBAD /* PostsListView.swift */; };
		539985A4267810B500DFDBAD /* User.swift in Sources */ = {isa = PBXBuildFile; fileRef = 539985A3267810B500DFDBAD /* User.swift */; };
		539985A9267810CB00DFDBAD /* UserViewModel.swift in Sources */ = {isa = PBXBuildFile; fileRef = 539985A8267810CB00DFDBAD /* UserViewModel.swift */; };
		539985AE267810DC00DFDBAD /* Comment.swift in Sources */ = {isa = PBXBuildFile; fileRef = 539985AD267810DC00DFDBAD /* Comment.swift */; };
		539985B32678112500DFDBAD /* CommentViewModel.swift in Sources */ = {isa = PBXBuildFile; fileRef = 539985B22678112500DFDBAD /* CommentViewModel.swift */; };
		539985B9267812D400DFDBAD /* Alamofire in Frameworks */ = {isa = PBXBuildFile; productRef = 539985B8267812D400DFDBAD /* Alamofire */; };
/* End PBXBuildFile section */

/* Begin PBXContainerItemProxy section */
		5399854E26780E2A00DFDBAD /* PBXContainerItemProxy */ = {
			isa = PBXContainerItemProxy;
			containerPortal = 5399852F26780E2700DFDBAD /* Project object */;
			proxyType = 1;
			remoteGlobalIDString = 5399853626780E2700DFDBAD;
			remoteInfo = Healios;
		};
		5399855926780E2A00DFDBAD /* PBXContainerItemProxy */ = {
			isa = PBXContainerItemProxy;
			containerPortal = 5399852F26780E2700DFDBAD /* Project object */;
			proxyType = 1;
			remoteGlobalIDString = 5399853626780E2700DFDBAD;
			remoteInfo = Healios;
		};
/* End PBXContainerItemProxy section */

/* Begin PBXFileReference section */
		5399853726780E2700DFDBAD /* Healios.app */ = {isa = PBXFileReference; explicitFileType = wrapper.application; includeInIndex = 0; path = Healios.app; sourceTree = BUILT_PRODUCTS_DIR; };
		5399853A26780E2700DFDBAD /* HealiosApp.swift */ = {isa = PBXFileReference; lastKnownFileType = sourcecode.swift; path = HealiosApp.swift; sourceTree = "<group>"; };
		5399853E26780E2900DFDBAD /* Assets.xcassets */ = {isa = PBXFileReference; lastKnownFileType = folder.assetcatalog; path = Assets.xcassets; sourceTree = "<group>"; };
		5399854126780E2900DFDBAD /* Preview Assets.xcassets */ = {isa = PBXFileReference; lastKnownFileType = folder.assetcatalog; path = "Preview Assets.xcassets"; sourceTree = "<group>"; };
		5399854326780E2900DFDBAD /* Persistence.swift */ = {isa = PBXFileReference; lastKnownFileType = sourcecode.swift; path = Persistence.swift; sourceTree = "<group>"; };
		5399854626780E2900DFDBAD /* Healios.xcdatamodel */ = {isa = PBXFileReference; lastKnownFileType = wrapper.xcdatamodel; path = Healios.xcdatamodel; sourceTree = "<group>"; };
		5399854826780E2900DFDBAD /* Info.plist */ = {isa = PBXFileReference; lastKnownFileType = text.plist.xml; path = Info.plist; sourceTree = "<group>"; };
		5399854D26780E2A00DFDBAD /* HealiosTests.xctest */ = {isa = PBXFileReference; explicitFileType = wrapper.cfbundle; includeInIndex = 0; path = HealiosTests.xctest; sourceTree = BUILT_PRODUCTS_DIR; };
		5399855126780E2A00DFDBAD /* HealiosTests.swift */ = {isa = PBXFileReference; lastKnownFileType = sourcecode.swift; path = HealiosTests.swift; sourceTree = "<group>"; };
		5399855326780E2A00DFDBAD /* Info.plist */ = {isa = PBXFileReference; lastKnownFileType = text.plist.xml; path = Info.plist; sourceTree = "<group>"; };
		5399855826780E2A00DFDBAD /* HealiosUITests.xctest */ = {isa = PBXFileReference; explicitFileType = wrapper.cfbundle; includeInIndex = 0; path = HealiosUITests.xctest; sourceTree = BUILT_PRODUCTS_DIR; };
		5399855C26780E2A00DFDBAD /* HealiosUITests.swift */ = {isa = PBXFileReference; lastKnownFileType = sourcecode.swift; path = HealiosUITests.swift; sourceTree = "<group>"; };
		5399855E26780E2A00DFDBAD /* Info.plist */ = {isa = PBXFileReference; lastKnownFileType = text.plist.xml; path = Info.plist; sourceTree = "<group>"; };
		5399858026780FEF00DFDBAD /* Config.swift */ = {isa = PBXFileReference; fileEncoding = 4; lastKnownFileType = sourcecode.swift; path = Config.swift; sourceTree = "<group>"; };
		5399858126780FEF00DFDBAD /* Endpoints.swift */ = {isa = PBXFileReference; fileEncoding = 4; lastKnownFileType = sourcecode.swift; path = Endpoints.swift; sourceTree = "<group>"; };
		539985872678100600DFDBAD /* Network.swift */ = {isa = PBXFileReference; fileEncoding = 4; lastKnownFileType = sourcecode.swift; path = Network.swift; sourceTree = "<group>"; };
		539985882678100600DFDBAD /* UserService.swift */ = {isa = PBXFileReference; fileEncoding = 4; lastKnownFileType = sourcecode.swift; path = UserService.swift; sourceTree = "<group>"; };
		539985892678100600DFDBAD /* CommentService.swift */ = {isa = PBXFileReference; fileEncoding = 4; lastKnownFileType = sourcecode.swift; path = CommentService.swift; sourceTree = "<group>"; };
		5399858A2678100600DFDBAD /* PostService.swift */ = {isa = PBXFileReference; fileEncoding = 4; lastKnownFileType = sourcecode.swift; path = PostService.swift; sourceTree = "<group>"; };
		539985922678109300DFDBAD /* Post.swift */ = {isa = PBXFileReference; fileEncoding = 4; lastKnownFileType = sourcecode.swift; path = Post.swift; sourceTree = "<group>"; };
		539985972678109B00DFDBAD /* PostViewModel.swift */ = {isa = PBXFileReference; fileEncoding = 4; lastKnownFileType = sourcecode.swift; path = PostViewModel.swift; sourceTree = "<group>"; };
		5399859C267810A400DFDBAD /* PostDetailView.swift */ = {isa = PBXFileReference; fileEncoding = 4; lastKnownFileType = sourcecode.swift; path = PostDetailView.swift; sourceTree = "<group>"; };
		5399859D267810A400DFDBAD /* PostsListView.swift */ = {isa = PBXFileReference; fileEncoding = 4; lastKnownFileType = sourcecode.swift; path = PostsListView.swift; sourceTree = "<group>"; };
		539985A3267810B500DFDBAD /* User.swift */ = {isa = PBXFileReference; fileEncoding = 4; lastKnownFileType = sourcecode.swift; path = User.swift; sourceTree = "<group>"; };
		539985A8267810CB00DFDBAD /* UserViewModel.swift */ = {isa = PBXFileReference; fileEncoding = 4; lastKnownFileType = sourcecode.swift; path = UserViewModel.swift; sourceTree = "<group>"; };
		539985AD267810DC00DFDBAD /* Comment.swift */ = {isa = PBXFileReference; fileEncoding = 4; lastKnownFileType = sourcecode.swift; path = Comment.swift; sourceTree = "<group>"; };
		539985B22678112500DFDBAD /* CommentViewModel.swift */ = {isa = PBXFileReference; fileEncoding = 4; lastKnownFileType = sourcecode.swift; path = CommentViewModel.swift; sourceTree = "<group>"; };
/* End PBXFileReference section */

/* Begin PBXFrameworksBuildPhase section */
		5399853426780E2700DFDBAD /* Frameworks */ = {
			isa = PBXFrameworksBuildPhase;
			buildActionMask = 2147483647;
			files = (
				539985B9267812D400DFDBAD /* Alamofire in Frameworks */,
			);
			runOnlyForDeploymentPostprocessing = 0;
		};
		5399854A26780E2A00DFDBAD /* Frameworks */ = {
			isa = PBXFrameworksBuildPhase;
			buildActionMask = 2147483647;
			files = (
			);
			runOnlyForDeploymentPostprocessing = 0;
		};
		5399855526780E2A00DFDBAD /* Frameworks */ = {
			isa = PBXFrameworksBuildPhase;
			buildActionMask = 2147483647;
			files = (
			);
			runOnlyForDeploymentPostprocessing = 0;
		};
/* End PBXFrameworksBuildPhase section */

/* Begin PBXGroup section */
		5399852E26780E2700DFDBAD = {
			isa = PBXGroup;
			children = (
				5399853926780E2700DFDBAD /* Healios */,
				5399855026780E2A00DFDBAD /* HealiosTests */,
				5399855B26780E2A00DFDBAD /* HealiosUITests */,
				5399853826780E2700DFDBAD /* Products */,
			);
			sourceTree = "<group>";
		};
		5399853826780E2700DFDBAD /* Products */ = {
			isa = PBXGroup;
			children = (
				5399853726780E2700DFDBAD /* Healios.app */,
				5399854D26780E2A00DFDBAD /* HealiosTests.xctest */,
				5399855826780E2A00DFDBAD /* HealiosUITests.xctest */,
			);
			name = Products;
			sourceTree = "<group>";
		};
		5399853926780E2700DFDBAD /* Healios */ = {
			isa = PBXGroup;
			children = (
				5399854826780E2900DFDBAD /* Info.plist */,
				5399857F26780FA700DFDBAD /* Sources */,
				5399856D26780EB800DFDBAD /* Resources */,
				5399854026780E2900DFDBAD /* Preview Content */,
			);
			path = Healios;
			sourceTree = "<group>";
		};
		5399854026780E2900DFDBAD /* Preview Content */ = {
			isa = PBXGroup;
			children = (
				5399854126780E2900DFDBAD /* Preview Assets.xcassets */,
			);
			path = "Preview Content";
			sourceTree = "<group>";
		};
		5399855026780E2A00DFDBAD /* HealiosTests */ = {
			isa = PBXGroup;
			children = (
				5399855126780E2A00DFDBAD /* HealiosTests.swift */,
				5399855326780E2A00DFDBAD /* Info.plist */,
			);
			path = HealiosTests;
			sourceTree = "<group>";
		};
		5399855B26780E2A00DFDBAD /* HealiosUITests */ = {
			isa = PBXGroup;
			children = (
				5399855C26780E2A00DFDBAD /* HealiosUITests.swift */,
				5399855E26780E2A00DFDBAD /* Info.plist */,
			);
			path = HealiosUITests;
			sourceTree = "<group>";
		};
		5399856D26780EB800DFDBAD /* Resources */ = {
			isa = PBXGroup;
			children = (
				5399856E26780EBE00DFDBAD /* Assets */,
			);
			path = Resources;
			sourceTree = "<group>";
		};
		5399856E26780EBE00DFDBAD /* Assets */ = {
			isa = PBXGroup;
			children = (
				5399853E26780E2900DFDBAD /* Assets.xcassets */,
			);
			path = Assets;
			sourceTree = "<group>";
		};
		5399856F26780ECB00DFDBAD /* Comments */ = {
			isa = PBXGroup;
			children = (
				5399857226780EEA00DFDBAD /* Model */,
				5399857126780EE000DFDBAD /* ViewModel */,
				5399857026780EDB00DFDBAD /* View */,
			);
			path = Comments;
			sourceTree = "<group>";
		};
		5399857026780EDB00DFDBAD /* View */ = {
			isa = PBXGroup;
			children = (
			);
			path = View;
			sourceTree = "<group>";
		};
		5399857126780EE000DFDBAD /* ViewModel */ = {
			isa = PBXGroup;
			children = (
				539985B22678112500DFDBAD /* CommentViewModel.swift */,
			);
			path = ViewModel;
			sourceTree = "<group>";
		};
		5399857226780EEA00DFDBAD /* Model */ = {
			isa = PBXGroup;
			children = (
				539985AD267810DC00DFDBAD /* Comment.swift */,
			);
			path = Model;
			sourceTree = "<group>";
		};
		5399857326780F1B00DFDBAD /* Users */ = {
			isa = PBXGroup;
			children = (
				5399857626780F2C00DFDBAD /* Model */,
				5399857526780F2800DFDBAD /* ViewModel */,
				5399857426780F2500DFDBAD /* View */,
			);
			path = Users;
			sourceTree = "<group>";
		};
		5399857426780F2500DFDBAD /* View */ = {
			isa = PBXGroup;
			children = (
			);
			path = View;
			sourceTree = "<group>";
		};
		5399857526780F2800DFDBAD /* ViewModel */ = {
			isa = PBXGroup;
			children = (
				539985A8267810CB00DFDBAD /* UserViewModel.swift */,
			);
			path = ViewModel;
			sourceTree = "<group>";
		};
		5399857626780F2C00DFDBAD /* Model */ = {
			isa = PBXGroup;
			children = (
				539985A3267810B500DFDBAD /* User.swift */,
			);
			path = Model;
			sourceTree = "<group>";
		};
		5399857726780F7900DFDBAD /* Posts */ = {
			isa = PBXGroup;
			children = (
				5399857A26780F8400DFDBAD /* Model */,
				5399857926780F8000DFDBAD /* ViewModel */,
				5399857826780F7E00DFDBAD /* View */,
			);
			path = Posts;
			sourceTree = "<group>";
		};
		5399857826780F7E00DFDBAD /* View */ = {
			isa = PBXGroup;
			children = (
				5399859C267810A400DFDBAD /* PostDetailView.swift */,
				5399859D267810A400DFDBAD /* PostsListView.swift */,
			);
			path = View;
			sourceTree = "<group>";
		};
		5399857926780F8000DFDBAD /* ViewModel */ = {
			isa = PBXGroup;
			children = (
				539985972678109B00DFDBAD /* PostViewModel.swift */,
			);
			path = ViewModel;
			sourceTree = "<group>";
		};
		5399857A26780F8400DFDBAD /* Model */ = {
			isa = PBXGroup;
			children = (
				539985922678109300DFDBAD /* Post.swift */,
			);
			path = Model;
			sourceTree = "<group>";
		};
		5399857B26780F8700DFDBAD /* Services */ = {
			isa = PBXGroup;
			children = (
				539985892678100600DFDBAD /* CommentService.swift */,
				539985872678100600DFDBAD /* Network.swift */,
				5399858A2678100600DFDBAD /* PostService.swift */,
				539985882678100600DFDBAD /* UserService.swift */,
			);
			path = Services;
			sourceTree = "<group>";
		};
		5399857C26780F8B00DFDBAD /* Main */ = {
			isa = PBXGroup;
			children = (
				5399853A26780E2700DFDBAD /* HealiosApp.swift */,
				5399857D26780F9300DFDBAD /* Global */,
			);
			path = Main;
			sourceTree = "<group>";
		};
		5399857D26780F9300DFDBAD /* Global */ = {
			isa = PBXGroup;
			children = (
				5399858026780FEF00DFDBAD /* Config.swift */,
				5399858126780FEF00DFDBAD /* Endpoints.swift */,
			);
			path = Global;
			sourceTree = "<group>";
		};
		5399857E26780FA100DFDBAD /* CoreData */ = {
			isa = PBXGroup;
			children = (
				5399854326780E2900DFDBAD /* Persistence.swift */,
				5399854526780E2900DFDBAD /* Healios.xcdatamodeld */,
			);
			path = CoreData;
			sourceTree = "<group>";
		};
		5399857F26780FA700DFDBAD /* Sources */ = {
			isa = PBXGroup;
			children = (
				5399857E26780FA100DFDBAD /* CoreData */,
				5399857C26780F8B00DFDBAD /* Main */,
				5399857B26780F8700DFDBAD /* Services */,
				5399857726780F7900DFDBAD /* Posts */,
				5399857326780F1B00DFDBAD /* Users */,
				5399856F26780ECB00DFDBAD /* Comments */,
			);
			path = Sources;
			sourceTree = "<group>";
		};
/* End PBXGroup section */

/* Begin PBXNativeTarget section */
		5399853626780E2700DFDBAD /* Healios */ = {
			isa = PBXNativeTarget;
			buildConfigurationList = 5399856126780E2A00DFDBAD /* Build configuration list for PBXNativeTarget "Healios" */;
			buildPhases = (
				5399853326780E2700DFDBAD /* Sources */,
				5399853426780E2700DFDBAD /* Frameworks */,
				5399853526780E2700DFDBAD /* Resources */,
			);
			buildRules = (
			);
			dependencies = (
			);
			name = Healios;
			packageProductDependencies = (
				539985B8267812D400DFDBAD /* Alamofire */,
			);
			productName = Healios;
			productReference = 5399853726780E2700DFDBAD /* Healios.app */;
			productType = "com.apple.product-type.application";
		};
		5399854C26780E2A00DFDBAD /* HealiosTests */ = {
			isa = PBXNativeTarget;
			buildConfigurationList = 5399856426780E2A00DFDBAD /* Build configuration list for PBXNativeTarget "HealiosTests" */;
			buildPhases = (
				5399854926780E2A00DFDBAD /* Sources */,
				5399854A26780E2A00DFDBAD /* Frameworks */,
				5399854B26780E2A00DFDBAD /* Resources */,
			);
			buildRules = (
			);
			dependencies = (
				5399854F26780E2A00DFDBAD /* PBXTargetDependency */,
			);
			name = HealiosTests;
			productName = HealiosTests;
			productReference = 5399854D26780E2A00DFDBAD /* HealiosTests.xctest */;
			productType = "com.apple.product-type.bundle.unit-test";
		};
		5399855726780E2A00DFDBAD /* HealiosUITests */ = {
			isa = PBXNativeTarget;
			buildConfigurationList = 5399856726780E2A00DFDBAD /* Build configuration list for PBXNativeTarget "HealiosUITests" */;
			buildPhases = (
				5399855426780E2A00DFDBAD /* Sources */,
				5399855526780E2A00DFDBAD /* Frameworks */,
				5399855626780E2A00DFDBAD /* Resources */,
			);
			buildRules = (
			);
			dependencies = (
				5399855A26780E2A00DFDBAD /* PBXTargetDependency */,
			);
			name = HealiosUITests;
			productName = HealiosUITests;
			productReference = 5399855826780E2A00DFDBAD /* HealiosUITests.xctest */;
			productType = "com.apple.product-type.bundle.ui-testing";
		};
/* End PBXNativeTarget section */

/* Begin PBXProject section */
		5399852F26780E2700DFDBAD /* Project object */ = {
			isa = PBXProject;
			attributes = {
				LastSwiftUpdateCheck = 1240;
				LastUpgradeCheck = 1240;
				TargetAttributes = {
					5399853626780E2700DFDBAD = {
						CreatedOnToolsVersion = 12.4;
					};
					5399854C26780E2A00DFDBAD = {
						CreatedOnToolsVersion = 12.4;
						TestTargetID = 5399853626780E2700DFDBAD;
					};
					5399855726780E2A00DFDBAD = {
						CreatedOnToolsVersion = 12.4;
						TestTargetID = 5399853626780E2700DFDBAD;
					};
				};
			};
			buildConfigurationList = 5399853226780E2700DFDBAD /* Build configuration list for PBXProject "Healios" */;
			compatibilityVersion = "Xcode 9.3";
			developmentRegion = en;
			hasScannedForEncodings = 0;
			knownRegions = (
				en,
				Base,
			);
			mainGroup = 5399852E26780E2700DFDBAD;
			packageReferences = (
				539985B7267812D400DFDBAD /* XCRemoteSwiftPackageReference "Alamofire" */,
			);
			productRefGroup = 5399853826780E2700DFDBAD /* Products */;
			projectDirPath = "";
			projectRoot = "";
			targets = (
				5399853626780E2700DFDBAD /* Healios */,
				5399854C26780E2A00DFDBAD /* HealiosTests */,
				5399855726780E2A00DFDBAD /* HealiosUITests */,
			);
		};
/* End PBXProject section */

/* Begin PBXResourcesBuildPhase section */
		5399853526780E2700DFDBAD /* Resources */ = {
			isa = PBXResourcesBuildPhase;
			buildActionMask = 2147483647;
			files = (
				5399854226780E2900DFDBAD /* Preview Assets.xcassets in Resources */,
				5399853F26780E2900DFDBAD /* Assets.xcassets in Resources */,
			);
			runOnlyForDeploymentPostprocessing = 0;
		};
		5399854B26780E2A00DFDBAD /* Resources */ = {
			isa = PBXResourcesBuildPhase;
			buildActionMask = 2147483647;
			files = (
			);
			runOnlyForDeploymentPostprocessing = 0;
		};
		5399855626780E2A00DFDBAD /* Resources */ = {
			isa = PBXResourcesBuildPhase;
			buildActionMask = 2147483647;
			files = (
			);
			runOnlyForDeploymentPostprocessing = 0;
		};
/* End PBXResourcesBuildPhase section */

/* Begin PBXSourcesBuildPhase section */
		5399853326780E2700DFDBAD /* Sources */ = {
			isa = PBXSourcesBuildPhase;
			buildActionMask = 2147483647;
			files = (
				539985B32678112500DFDBAD /* CommentViewModel.swift in Sources */,
				5399859F267810A400DFDBAD /* PostsListView.swift in Sources */,
				539985982678109B00DFDBAD /* PostViewModel.swift in Sources */,
				5399854426780E2900DFDBAD /* Persistence.swift in Sources */,
				539985932678109300DFDBAD /* Post.swift in Sources */,
				5399854726780E2900DFDBAD /* Healios.xcdatamodeld in Sources */,
				539985AE267810DC00DFDBAD /* Comment.swift in Sources */,
				5399858226780FEF00DFDBAD /* Config.swift in Sources */,
				5399858D2678100600DFDBAD /* CommentService.swift in Sources */,
				539985A4267810B500DFDBAD /* User.swift in Sources */,
				539985A9267810CB00DFDBAD /* UserViewModel.swift in Sources */,
				5399858E2678100600DFDBAD /* PostService.swift in Sources */,
				5399859E267810A400DFDBAD /* PostDetailView.swift in Sources */,
				5399858C2678100600DFDBAD /* UserService.swift in Sources */,
				5399858326780FEF00DFDBAD /* Endpoints.swift in Sources */,
				5399858B2678100600DFDBAD /* Network.swift in Sources */,
				5399853B26780E2700DFDBAD /* HealiosApp.swift in Sources */,
			);
			runOnlyForDeploymentPostprocessing = 0;
		};
		5399854926780E2A00DFDBAD /* Sources */ = {
			isa = PBXSourcesBuildPhase;
			buildActionMask = 2147483647;
			files = (
				5399855226780E2A00DFDBAD /* HealiosTests.swift in Sources */,
			);
			runOnlyForDeploymentPostprocessing = 0;
		};
		5399855426780E2A00DFDBAD /* Sources */ = {
			isa = PBXSourcesBuildPhase;
			buildActionMask = 2147483647;
			files = (
				5399855D26780E2A00DFDBAD /* HealiosUITests.swift in Sources */,
			);
			runOnlyForDeploymentPostprocessing = 0;
		};
/* End PBXSourcesBuildPhase section */

/* Begin PBXTargetDependency section */
		5399854F26780E2A00DFDBAD /* PBXTargetDependency */ = {
			isa = PBXTargetDependency;
			target = 5399853626780E2700DFDBAD /* Healios */;
			targetProxy = 5399854E26780E2A00DFDBAD /* PBXContainerItemProxy */;
		};
		5399855A26780E2A00DFDBAD /* PBXTargetDependency */ = {
			isa = PBXTargetDependency;
			target = 5399853626780E2700DFDBAD /* Healios */;
			targetProxy = 5399855926780E2A00DFDBAD /* PBXContainerItemProxy */;
		};
/* End PBXTargetDependency section */

/* Begin XCBuildConfiguration section */
		5399855F26780E2A00DFDBAD /* Debug */ = {
			isa = XCBuildConfiguration;
			buildSettings = {
				ALWAYS_SEARCH_USER_PATHS = NO;
				CLANG_ANALYZER_NONNULL = YES;
				CLANG_ANALYZER_NUMBER_OBJECT_CONVERSION = YES_AGGRESSIVE;
				CLANG_CXX_LANGUAGE_STANDARD = "gnu++14";
				CLANG_CXX_LIBRARY = "libc++";
				CLANG_ENABLE_MODULES = YES;
				CLANG_ENABLE_OBJC_ARC = YES;
				CLANG_ENABLE_OBJC_WEAK = YES;
				CLANG_WARN_BLOCK_CAPTURE_AUTORELEASING = YES;
				CLANG_WARN_BOOL_CONVERSION = YES;
				CLANG_WARN_COMMA = YES;
				CLANG_WARN_CONSTANT_CONVERSION = YES;
				CLANG_WARN_DEPRECATED_OBJC_IMPLEMENTATIONS = YES;
				CLANG_WARN_DIRECT_OBJC_ISA_USAGE = YES_ERROR;
				CLANG_WARN_DOCUMENTATION_COMMENTS = YES;
				CLANG_WARN_EMPTY_BODY = YES;
				CLANG_WARN_ENUM_CONVERSION = YES;
				CLANG_WARN_INFINITE_RECURSION = YES;
				CLANG_WARN_INT_CONVERSION = YES;
				CLANG_WARN_NON_LITERAL_NULL_CONVERSION = YES;
				CLANG_WARN_OBJC_IMPLICIT_RETAIN_SELF = YES;
				CLANG_WARN_OBJC_LITERAL_CONVERSION = YES;
				CLANG_WARN_OBJC_ROOT_CLASS = YES_ERROR;
				CLANG_WARN_QUOTED_INCLUDE_IN_FRAMEWORK_HEADER = YES;
				CLANG_WARN_RANGE_LOOP_ANALYSIS = YES;
				CLANG_WARN_STRICT_PROTOTYPES = YES;
				CLANG_WARN_SUSPICIOUS_MOVE = YES;
				CLANG_WARN_UNGUARDED_AVAILABILITY = YES_AGGRESSIVE;
				CLANG_WARN_UNREACHABLE_CODE = YES;
				CLANG_WARN__DUPLICATE_METHOD_MATCH = YES;
				COPY_PHASE_STRIP = NO;
				DEBUG_INFORMATION_FORMAT = dwarf;
				ENABLE_STRICT_OBJC_MSGSEND = YES;
				ENABLE_TESTABILITY = YES;
				GCC_C_LANGUAGE_STANDARD = gnu11;
				GCC_DYNAMIC_NO_PIC = NO;
				GCC_NO_COMMON_BLOCKS = YES;
				GCC_OPTIMIZATION_LEVEL = 0;
				GCC_PREPROCESSOR_DEFINITIONS = (
					"DEBUG=1",
					"$(inherited)",
				);
				GCC_WARN_64_TO_32_BIT_CONVERSION = YES;
				GCC_WARN_ABOUT_RETURN_TYPE = YES_ERROR;
				GCC_WARN_UNDECLARED_SELECTOR = YES;
				GCC_WARN_UNINITIALIZED_AUTOS = YES_AGGRESSIVE;
				GCC_WARN_UNUSED_FUNCTION = YES;
				GCC_WARN_UNUSED_VARIABLE = YES;
				IPHONEOS_DEPLOYMENT_TARGET = 14.4;
				MTL_ENABLE_DEBUG_INFO = INCLUDE_SOURCE;
				MTL_FAST_MATH = YES;
				ONLY_ACTIVE_ARCH = YES;
				SDKROOT = iphoneos;
				SWIFT_ACTIVE_COMPILATION_CONDITIONS = DEBUG;
				SWIFT_OPTIMIZATION_LEVEL = "-Onone";
			};
			name = Debug;
		};
		5399856026780E2A00DFDBAD /* Release */ = {
			isa = XCBuildConfiguration;
			buildSettings = {
				ALWAYS_SEARCH_USER_PATHS = NO;
				CLANG_ANALYZER_NONNULL = YES;
				CLANG_ANALYZER_NUMBER_OBJECT_CONVERSION = YES_AGGRESSIVE;
				CLANG_CXX_LANGUAGE_STANDARD = "gnu++14";
				CLANG_CXX_LIBRARY = "libc++";
				CLANG_ENABLE_MODULES = YES;
				CLANG_ENABLE_OBJC_ARC = YES;
				CLANG_ENABLE_OBJC_WEAK = YES;
				CLANG_WARN_BLOCK_CAPTURE_AUTORELEASING = YES;
				CLANG_WARN_BOOL_CONVERSION = YES;
				CLANG_WARN_COMMA = YES;
				CLANG_WARN_CONSTANT_CONVERSION = YES;
				CLANG_WARN_DEPRECATED_OBJC_IMPLEMENTATIONS = YES;
				CLANG_WARN_DIRECT_OBJC_ISA_USAGE = YES_ERROR;
				CLANG_WARN_DOCUMENTATION_COMMENTS = YES;
				CLANG_WARN_EMPTY_BODY = YES;
				CLANG_WARN_ENUM_CONVERSION = YES;
				CLANG_WARN_INFINITE_RECURSION = YES;
				CLANG_WARN_INT_CONVERSION = YES;
				CLANG_WARN_NON_LITERAL_NULL_CONVERSION = YES;
				CLANG_WARN_OBJC_IMPLICIT_RETAIN_SELF = YES;
				CLANG_WARN_OBJC_LITERAL_CONVERSION = YES;
				CLANG_WARN_OBJC_ROOT_CLASS = YES_ERROR;
				CLANG_WARN_QUOTED_INCLUDE_IN_FRAMEWORK_HEADER = YES;
				CLANG_WARN_RANGE_LOOP_ANALYSIS = YES;
				CLANG_WARN_STRICT_PROTOTYPES = YES;
				CLANG_WARN_SUSPICIOUS_MOVE = YES;
				CLANG_WARN_UNGUARDED_AVAILABILITY = YES_AGGRESSIVE;
				CLANG_WARN_UNREACHABLE_CODE = YES;
				CLANG_WARN__DUPLICATE_METHOD_MATCH = YES;
				COPY_PHASE_STRIP = NO;
				DEBUG_INFORMATION_FORMAT = "dwarf-with-dsym";
				ENABLE_NS_ASSERTIONS = NO;
				ENABLE_STRICT_OBJC_MSGSEND = YES;
				GCC_C_LANGUAGE_STANDARD = gnu11;
				GCC_NO_COMMON_BLOCKS = YES;
				GCC_WARN_64_TO_32_BIT_CONVERSION = YES;
				GCC_WARN_ABOUT_RETURN_TYPE = YES_ERROR;
				GCC_WARN_UNDECLARED_SELECTOR = YES;
				GCC_WARN_UNINITIALIZED_AUTOS = YES_AGGRESSIVE;
				GCC_WARN_UNUSED_FUNCTION = YES;
				GCC_WARN_UNUSED_VARIABLE = YES;
				IPHONEOS_DEPLOYMENT_TARGET = 14.4;
				MTL_ENABLE_DEBUG_INFO = NO;
				MTL_FAST_MATH = YES;
				SDKROOT = iphoneos;
				SWIFT_COMPILATION_MODE = wholemodule;
				SWIFT_OPTIMIZATION_LEVEL = "-O";
				VALIDATE_PRODUCT = YES;
			};
			name = Release;
		};
		5399856226780E2A00DFDBAD /* Debug */ = {
			isa = XCBuildConfiguration;
			buildSettings = {
				ASSETCATALOG_COMPILER_APPICON_NAME = AppIcon;
				ASSETCATALOG_COMPILER_GLOBAL_ACCENT_COLOR_NAME = AccentColor;
				CODE_SIGN_STYLE = Automatic;
				DEVELOPMENT_ASSET_PATHS = "\"Healios/Preview Content\"";
				DEVELOPMENT_TEAM = Q88E5TUT7G;
				ENABLE_PREVIEWS = YES;
				INFOPLIST_FILE = Healios/Info.plist;
				IPHONEOS_DEPLOYMENT_TARGET = 14.0;
				LD_RUNPATH_SEARCH_PATHS = (
					"$(inherited)",
					"@executable_path/Frameworks",
				);
				PRODUCT_BUNDLE_IDENTIFIER = com.rafaelafonso.Healios;
				PRODUCT_NAME = "$(TARGET_NAME)";
				SWIFT_VERSION = 5.0;
				TARGETED_DEVICE_FAMILY = "1,2";
			};
			name = Debug;
		};
		5399856326780E2A00DFDBAD /* Release */ = {
			isa = XCBuildConfiguration;
			buildSettings = {
				ASSETCATALOG_COMPILER_APPICON_NAME = AppIcon;
				ASSETCATALOG_COMPILER_GLOBAL_ACCENT_COLOR_NAME = AccentColor;
				CODE_SIGN_STYLE = Automatic;
				DEVELOPMENT_ASSET_PATHS = "\"Healios/Preview Content\"";
				DEVELOPMENT_TEAM = Q88E5TUT7G;
				ENABLE_PREVIEWS = YES;
				INFOPLIST_FILE = Healios/Info.plist;
				IPHONEOS_DEPLOYMENT_TARGET = 14.0;
				LD_RUNPATH_SEARCH_PATHS = (
					"$(inherited)",
					"@executable_path/Frameworks",
				);
				PRODUCT_BUNDLE_IDENTIFIER = com.rafaelafonso.Healios;
				PRODUCT_NAME = "$(TARGET_NAME)";
				SWIFT_VERSION = 5.0;
				TARGETED_DEVICE_FAMILY = "1,2";
			};
			name = Release;
		};
		5399856526780E2A00DFDBAD /* Debug */ = {
			isa = XCBuildConfiguration;
			buildSettings = {
				ALWAYS_EMBED_SWIFT_STANDARD_LIBRARIES = YES;
				BUNDLE_LOADER = "$(TEST_HOST)";
				CODE_SIGN_STYLE = Automatic;
				DEVELOPMENT_TEAM = Q88E5TUT7G;
				INFOPLIST_FILE = HealiosTests/Info.plist;
				IPHONEOS_DEPLOYMENT_TARGET = 14.0;
				LD_RUNPATH_SEARCH_PATHS = (
					"$(inherited)",
					"@executable_path/Frameworks",
					"@loader_path/Frameworks",
				);
				PRODUCT_BUNDLE_IDENTIFIER = com.rafaelafonso.HealiosTests;
				PRODUCT_NAME = "$(TARGET_NAME)";
				SWIFT_VERSION = 5.0;
				TARGETED_DEVICE_FAMILY = "1,2";
				TEST_HOST = "$(BUILT_PRODUCTS_DIR)/Healios.app/Healios";
			};
			name = Debug;
		};
		5399856626780E2A00DFDBAD /* Release */ = {
			isa = XCBuildConfiguration;
			buildSettings = {
				ALWAYS_EMBED_SWIFT_STANDARD_LIBRARIES = YES;
				BUNDLE_LOADER = "$(TEST_HOST)";
				CODE_SIGN_STYLE = Automatic;
				DEVELOPMENT_TEAM = Q88E5TUT7G;
				INFOPLIST_FILE = HealiosTests/Info.plist;
				IPHONEOS_DEPLOYMENT_TARGET = 14.0;
				LD_RUNPATH_SEARCH_PATHS = (
					"$(inherited)",
					"@executable_path/Frameworks",
					"@loader_path/Frameworks",
				);
				PRODUCT_BUNDLE_IDENTIFIER = com.rafaelafonso.HealiosTests;
				PRODUCT_NAME = "$(TARGET_NAME)";
				SWIFT_VERSION = 5.0;
				TARGETED_DEVICE_FAMILY = "1,2";
				TEST_HOST = "$(BUILT_PRODUCTS_DIR)/Healios.app/Healios";
			};
			name = Release;
		};
		5399856826780E2A00DFDBAD /* Debug */ = {
			isa = XCBuildConfiguration;
			buildSettings = {
				ALWAYS_EMBED_SWIFT_STANDARD_LIBRARIES = YES;
				CODE_SIGN_STYLE = Automatic;
				DEVELOPMENT_TEAM = Q88E5TUT7G;
				INFOPLIST_FILE = HealiosUITests/Info.plist;
				LD_RUNPATH_SEARCH_PATHS = (
					"$(inherited)",
					"@executable_path/Frameworks",
					"@loader_path/Frameworks",
				);
				PRODUCT_BUNDLE_IDENTIFIER = com.rafaelafonso.HealiosUITests;
				PRODUCT_NAME = "$(TARGET_NAME)";
				SWIFT_VERSION = 5.0;
				TARGETED_DEVICE_FAMILY = "1,2";
				TEST_TARGET_NAME = Healios;
			};
			name = Debug;
		};
		5399856926780E2A00DFDBAD /* Release */ = {
			isa = XCBuildConfiguration;
			buildSettings = {
				ALWAYS_EMBED_SWIFT_STANDARD_LIBRARIES = YES;
				CODE_SIGN_STYLE = Automatic;
				DEVELOPMENT_TEAM = Q88E5TUT7G;
				INFOPLIST_FILE = HealiosUITests/Info.plist;
				LD_RUNPATH_SEARCH_PATHS = (
					"$(inherited)",
					"@executable_path/Frameworks",
					"@loader_path/Frameworks",
				);
				PRODUCT_BUNDLE_IDENTIFIER = com.rafaelafonso.HealiosUITests;
				PRODUCT_NAME = "$(TARGET_NAME)";
				SWIFT_VERSION = 5.0;
				TARGETED_DEVICE_FAMILY = "1,2";
				TEST_TARGET_NAME = Healios;
			};
			name = Release;
		};
/* End XCBuildConfiguration section */

/* Begin XCConfigurationList section */
		5399853226780E2700DFDBAD /* Build configuration list for PBXProject "Healios" */ = {
			isa = XCConfigurationList;
			buildConfigurations = (
				5399855F26780E2A00DFDBAD /* Debug */,
				5399856026780E2A00DFDBAD /* Release */,
			);
			defaultConfigurationIsVisible = 0;
			defaultConfigurationName = Release;
		};
		5399856126780E2A00DFDBAD /* Build configuration list for PBXNativeTarget "Healios" */ = {
			isa = XCConfigurationList;
			buildConfigurations = (
				5399856226780E2A00DFDBAD /* Debug */,
				5399856326780E2A00DFDBAD /* Release */,
			);
			defaultConfigurationIsVisible = 0;
			defaultConfigurationName = Release;
		};
		5399856426780E2A00DFDBAD /* Build configuration list for PBXNativeTarget "HealiosTests" */ = {
			isa = XCConfigurationList;
			buildConfigurations = (
				5399856526780E2A00DFDBAD /* Debug */,
				5399856626780E2A00DFDBAD /* Release */,
			);
			defaultConfigurationIsVisible = 0;
			defaultConfigurationName = Release;
		};
		5399856726780E2A00DFDBAD /* Build configuration list for PBXNativeTarget "HealiosUITests" */ = {
			isa = XCConfigurationList;
			buildConfigurations = (
				5399856826780E2A00DFDBAD /* Debug */,
				5399856926780E2A00DFDBAD /* Release */,
			);
			defaultConfigurationIsVisible = 0;
			defaultConfigurationName = Release;
		};
/* End XCConfigurationList section */

/* Begin XCRemoteSwiftPackageReference section */
		539985B7267812D400DFDBAD /* XCRemoteSwiftPackageReference "Alamofire" */ = {
			isa = XCRemoteSwiftPackageReference;
			repositoryURL = "https://github.com/Alamofire/Alamofire.git";
			requirement = {
				kind = upToNextMajorVersion;
				minimumVersion = 5.4.3;
			};
		};
/* End XCRemoteSwiftPackageReference section */

/* Begin XCSwiftPackageProductDependency section */
		539985B8267812D400DFDBAD /* Alamofire */ = {
			isa = XCSwiftPackageProductDependency;
			package = 539985B7267812D400DFDBAD /* XCRemoteSwiftPackageReference "Alamofire" */;
			productName = Alamofire;
		};
/* End XCSwiftPackageProductDependency section */

/* Begin XCVersionGroup section */
		5399854526780E2900DFDBAD /* Healios.xcdatamodeld */ = {
			isa = XCVersionGroup;
			children = (
				5399854626780E2900DFDBAD /* Healios.xcdatamodel */,
			);
			currentVersion = 5399854626780E2900DFDBAD /* Healios.xcdatamodel */;
			path = Healios.xcdatamodeld;
			sourceTree = "<group>";
			versionGroupType = wrapper.xcdatamodel;
		};
/* End XCVersionGroup section */
	};
	rootObject = 5399852F26780E2700DFDBAD /* Project object */;
}
